
Microsoft Visual Studio Solution File, Format Version 12.00
# Visual Studio Version 17
VisualStudioVersion = 17.8.34601.278
MinimumVisualStudioVersion = 10.0.40219.1
Project("{FAE04EC0-301F-11D3-BF4B-00C04F79EFBC}") = "DotnetTask", "DotnetTask.csproj", "{2D7EB889-83D9-4AE6-916C-F142F30D97B9}"
EndProject
Global
	GlobalSection(SolutionConfigurationPlatforms) = preSolution
		Debug|Any CPU = Debug|Any CPU
		Release|Any CPU = Release|Any CPU
	EndGlobalSection
	GlobalSection(ProjectConfigurationPlatforms) = postSolution
		{2D7EB889-83D9-4AE6-916C-F142F30D97B9}.Debug|Any CPU.ActiveCfg = Debug|Any CPU
		{2D7EB889-83D9-4AE6-916C-F142F30D97B9}.Debug|Any CPU.Build.0 = Debug|Any CPU
		{2D7EB889-83D9-4AE6-916C-F142F30D97B9}.Release|Any CPU.ActiveCfg = Release|Any CPU
		{2D7EB889-83D9-4AE6-916C-F142F30D97B9}.Release|Any CPU.Build.0 = Release|Any CPU
	EndGlobalSection
	GlobalSection(SolutionProperties) = preSolution
		HideSolutionNode = FALSE
	EndGlobalSection
	GlobalSection(ExtensibilityGlobals) = postSolution
		SolutionGuid = {1057317C-C85F-415C-8E1B-BDB039BB97AB}
	EndGlobalSection
EndGlobal
